<?xml version="1.0" encoding="utf-8"?>
<Project ToolsVersion="4.0" xmlns="http://schemas.microsoft.com/developer/msbuild/2003">
  <ItemGroup>
    <Filter Include="SDK">
      <UniqueIdentifier>{337904a9-e2cd-4e2a-ab10-dcc385236b9e}</UniqueIdentifier>
    </Filter>
    <Filter Include="Pages">
      <UniqueIdentifier>{5188494d-1171-497a-8e16-da7866a52c38}</UniqueIdentifier>
    </Filter>
  </ItemGroup>
  <ItemGroup>
    <Library Include="..\..\lib\orbiter.lib">
      <Filter>SDK</Filter>
    </Library>
    <Library Include="..\..\lib\Orbitersdk.lib">
      <Filter>SDK</Filter>
    </Library>
    <Library Include="..\..\..\Doc\UMmu_SDK\UMmu_ShuttlePB_Example\UMmuSDK.lib">
      <Filter>SDK</Filter>
    </Library>
  </ItemGroup>
  <ItemGroup>
    <ClInclude Include="..\..\include\Orbitersdk.h">
      <Filter>SDK</Filter>
    </ClInclude>
    <ClInclude Include="..\..\..\Doc\UMmu_SDK\UMmu_ShuttlePB_Example\UMmuSDK.h">
      <Filter>SDK</Filter>
    </ClInclude>
    <ClInclude Include="Pages\AscensionTowerData.h">
      <Filter>Pages</Filter>
    </ClInclude>
    <ClInclude Include="Pages\AscensionTowerPage.h">
      <Filter>Pages</Filter>
    </ClInclude>
    <ClInclude Include="Pages\ATCPage.h">
      <Filter>Pages</Filter>
    </ClInclude>
    <ClInclude Include="Pages\BasePage.h">
      <Filter>Pages</Filter>
    </ClInclude>
    <ClInclude Include="Pages\CraneBasePage.h">
      <Filter>Pages</Filter>
    </ClInclude>
    <ClInclude Include="Pages\CraneGrapplePage.h">
      <Filter>Pages</Filter>
    </ClInclude>
    <ClInclude Include="Pages\CraneListPage.h">
      <Filter>Pages</Filter>
    </ClInclude>
    <ClInclude Include="Pages\CranePage.h">
      <Filter>Pages</Filter>
    </ClInclude>
    <ClInclude Include="Pages\DoorListPage.h">
      <Filter>Pages</Filter>
    </ClInclude>
    <ClInclude Include="Pages\DoorPage.h">
      <Filter>Pages</Filter>
    </ClInclude>
    <ClInclude Include="Pages\GroundPage.h">
      <Filter>Pages</Filter>
    </ClInclude>
    <ClInclude Include="Pages\HangarCranePage.h">
      <Filter>Pages</Filter>
    </ClInclude>
    <ClInclude Include="Pages\HangarDoorPage.h">
      <Filter>Pages</Filter>
    </ClInclude>
    <ClInclude Include="Pages\HangarLaunchPage.h">
      <Filter>Pages</Filter>
    </ClInclude>
    <ClInclude Include="Pages\HangarRoomPage.h">
      <Filter>Pages</Filter>
    </ClInclude>
    <ClInclude Include="Pages\MainPage.h">
      <Filter>Pages</Filter>
    </ClInclude>
    <ClInclude Include="Pages\PaXferPage.h">
      <Filter>Pages</Filter>
    </ClInclude>
    <ClInclude Include="Pages\PersonHangarPage.h">
      <Filter>Pages</Filter>
    </ClInclude>
    <ClInclude Include="Pages\PersonPage.h">
      <Filter>Pages</Filter>
    </ClInclude>
    <ClInclude Include="Pages\PersonRoomPage.h">
      <Filter>Pages</Filter>
    </ClInclude>
    <ClInclude Include="Pages\RoomListPage.h">
      <Filter>Pages</Filter>
    </ClInclude>
    <ClInclude Include="Pages\RosterPage.h">
      <Filter>Pages</Filter>
    </ClInclude>
    <ClInclude Include="Pages\RunwayListPage.h">
      <Filter>Pages</Filter>
    </ClInclude>
    <ClInclude Include="Pages\TaxiRouteEndPage.h">
      <Filter>Pages</Filter>
    </ClInclude>
    <ClInclude Include="Pages\TaxiRouteStartPage.h">
      <Filter>Pages</Filter>
    </ClInclude>
    <ClInclude Include="Pages\TemplatePage.h">
      <Filter>Pages</Filter>
    </ClInclude>
    <ClInclude Include="AscensionTower.h" />
    <ClInclude Include="AscensionTowerResource.h" />
    <ClInclude Include="AscensionUltra.h" />
    <ClInclude Include="Door.h" />
  </ItemGroup>
  <ItemGroup>
    <ClCompile Include="Pages\AscensionTowerData.cpp">
      <Filter>Pages</Filter>
    </ClCompile>
    <ClCompile Include="Pages\AscensionTowerPage.cpp">
      <Filter>Pages</Filter>
    </ClCompile>
    <ClCompile Include="AscensionTower.cpp" />
  </ItemGroup>
  <ItemGroup>
    <ResourceCompile Include="AscensionTower.rc" />
  </ItemGroup>
</Project>